
Microsoft Visual Studio Solution File, Format Version 12.00
# Visual Studio Version 17
VisualStudioVersion = 17.1.32421.90
MinimumVisualStudioVersion = 10.0.40219.1
Project("{FAE04EC0-301F-11D3-BF4B-00C04F79EFBC}") = "lol", "lol\lol.csproj", "{9DAFAA36-2D94-4BDA-9BB5-10D72E7E3FD4}"
EndProject
Global
	GlobalSection(SolutionConfigurationPlatforms) = preSolution
		Debug|Any CPU = Debug|Any CPU
		Release|Any CPU = Release|Any CPU
	EndGlobalSection
	GlobalSection(ProjectConfigurationPlatforms) = postSolution
		{9DAFAA36-2D94-4BDA-9BB5-10D72E7E3FD4}.Debug|Any CPU.ActiveCfg = Debug|Any CPU
		{9DAFAA36-2D94-4BDA-9BB5-10D72E7E3FD4}.Debug|Any CPU.Build.0 = Debug|Any CPU
		{9DAFAA36-2D94-4BDA-9BB5-10D72E7E3FD4}.Release|Any CPU.ActiveCfg = Release|Any CPU
		{9DAFAA36-2D94-4BDA-9BB5-10D72E7E3FD4}.Release|Any CPU.Build.0 = Release|Any CPU
	EndGlobalSection
	GlobalSection(SolutionProperties) = preSolution
		HideSolutionNode = FALSE
	EndGlobalSection
	GlobalSection(ExtensibilityGlobals) = postSolution
		SolutionGuid = {E9312952-20A8-4B76-BD9D-4DF37BB523B9}
	EndGlobalSection
EndGlobal
